
Microsoft Visual Studio Solution File, Format Version 12.00
# Visual Studio Version 16
VisualStudioVersion = 16.0.31515.178
MinimumVisualStudioVersion = 10.0.40219.1
Project("{FAE04EC0-301F-11D3-BF4B-00C04F79EFBC}") = "Example", "Example\Example.csproj", "{ED45DB58-3148-4E22-ABF7-97B92FD44F2A}"
EndProject
Project("{00D1A9C2-B5F0-4AF3-8072-F6C62B433612}") = "Data", "Data\Data.sqlproj", "{A1F665A4-956E-436F-9790-F3292E8C75C3}"
EndProject
Global
	GlobalSection(SolutionConfigurationPlatforms) = preSolution
		Debug|Any CPU = Debug|Any CPU
		Release|Any CPU = Release|Any CPU
	EndGlobalSection
	GlobalSection(ProjectConfigurationPlatforms) = postSolution
		{ED45DB58-3148-4E22-ABF7-97B92FD44F2A}.Debug|Any CPU.ActiveCfg = Debug|Any CPU
		{ED45DB58-3148-4E22-ABF7-97B92FD44F2A}.Debug|Any CPU.Build.0 = Debug|Any CPU
		{ED45DB58-3148-4E22-ABF7-97B92FD44F2A}.Release|Any CPU.ActiveCfg = Release|Any CPU
		{ED45DB58-3148-4E22-ABF7-97B92FD44F2A}.Release|Any CPU.Build.0 = Release|Any CPU
		{A1F665A4-956E-436F-9790-F3292E8C75C3}.Debug|Any CPU.ActiveCfg = Debug|Any CPU
		{A1F665A4-956E-436F-9790-F3292E8C75C3}.Debug|Any CPU.Build.0 = Debug|Any CPU
		{A1F665A4-956E-436F-9790-F3292E8C75C3}.Debug|Any CPU.Deploy.0 = Debug|Any CPU
		{A1F665A4-956E-436F-9790-F3292E8C75C3}.Release|Any CPU.ActiveCfg = Release|Any CPU
		{A1F665A4-956E-436F-9790-F3292E8C75C3}.Release|Any CPU.Build.0 = Release|Any CPU
		{A1F665A4-956E-436F-9790-F3292E8C75C3}.Release|Any CPU.Deploy.0 = Release|Any CPU
	EndGlobalSection
	GlobalSection(SolutionProperties) = preSolution
		HideSolutionNode = FALSE
	EndGlobalSection
	GlobalSection(ExtensibilityGlobals) = postSolution
		SolutionGuid = {88D8825C-5305-4007-B7E1-8684EE724C6A}
	EndGlobalSection
EndGlobal
